
Microsoft Visual Studio Solution File, Format Version 12.00
# Visual Studio Version 16
VisualStudioVersion = 16.0.29609.76
MinimumVisualStudioVersion = 10.0.40219.1
Project("{2150E333-8FDC-42A3-9474-1A3956D46DE8}") = "src", "src", "{8EEC83C0-4AE6-4F16-8E33-131349737470}"
EndProject
Project("{2150E333-8FDC-42A3-9474-1A3956D46DE8}") = "Building Block", "Building Block", "{45FBE226-D0FD-4CB3-8548-0CE77B9A1417}"
EndProject
Project("{2150E333-8FDC-42A3-9474-1A3956D46DE8}") = "Services", "Services", "{EF6FAB30-91FC-4F33-8211-50BEA660AACE}"
EndProject
Project("{2150E333-8FDC-42A3-9474-1A3956D46DE8}") = "Web", "Web", "{DA36D6C5-5FAA-4701-8F0E-E1A597D39D90}"
EndProject
Project("{2150E333-8FDC-42A3-9474-1A3956D46DE8}") = "Identidade", "Identidade", "{786290BC-4B14-4850-BF86-62723E225199}"
EndProject
Project("{FAE04EC0-301F-11D3-BF4B-00C04F79EFBC}") = "NSE.Identidade.API", "src\services\NSE.Identidade.API\NSE.Identidade.API.csproj", "{9062214C-58AC-4DF0-A729-1B865C35643A}"
EndProject
Project("{2150E333-8FDC-42A3-9474-1A3956D46DE8}") = "MVC", "MVC", "{8D325F96-CE63-4089-AD64-8AB620EBAF7F}"
EndProject
Project("{FAE04EC0-301F-11D3-BF4B-00C04F79EFBC}") = "NSE.WebApp.MVC", "src\web\MVC\NSE.WebApp.MVC\NSE.WebApp.MVC.csproj", "{18D2FD37-5D9F-4F09-810D-064C6F413A56}"
EndProject
Project("{2150E333-8FDC-42A3-9474-1A3956D46DE8}") = "Core", "Core", "{30DB157E-D7A6-419F-A9E5-E71155DF4651}"
EndProject
Project("{FAE04EC0-301F-11D3-BF4B-00C04F79EFBC}") = "NSE.Core", "src\building blocks\NSE.Core\NSE.Core.csproj", "{E2326D14-67C2-4D9F-9C48-EBEE5DF6B2BA}"
EndProject
Project("{2150E333-8FDC-42A3-9474-1A3956D46DE8}") = "Carrinho", "Carrinho", "{3618391B-0279-429E-ABA2-DBDD1AAB2B8B}"
EndProject
Project("{FAE04EC0-301F-11D3-BF4B-00C04F79EFBC}") = "NSE.Carrinho.API", "src\services\NSE.Carrinho.API\NSE.Carrinho.API.csproj", "{C1CBEFB0-2A9F-4D08-B9BE-429821D26AF2}"
EndProject
Project("{2150E333-8FDC-42A3-9474-1A3956D46DE8}") = "Catalogo", "Catalogo", "{A236CF61-34A9-4D7D-B1E2-45E09BB2BC9B}"
EndProject
Project("{FAE04EC0-301F-11D3-BF4B-00C04F79EFBC}") = "NSE.Catalogo.API", "src\services\NSE.Catalogo.API\NSE.Catalogo.API.csproj", "{C84EB671-CCDE-4268-B810-F4A55BCDFAB0}"
EndProject
Project("{2150E333-8FDC-42A3-9474-1A3956D46DE8}") = "Cliente", "Cliente", "{34FB3917-D67A-4C65-BE45-2055CAF885CD}"
EndProject
Project("{FAE04EC0-301F-11D3-BF4B-00C04F79EFBC}") = "NSE.Cliente.API", "src\services\NSE.Cliente.API\NSE.Cliente.API.csproj", "{FC8494C7-70F2-4361-B38B-1FBC18FD79DC}"
EndProject
Project("{2150E333-8FDC-42A3-9474-1A3956D46DE8}") = "Pagamento", "Pagamento", "{05A60B84-F1BE-4215-A9E4-A469E5DFA664}"
EndProject
Project("{FAE04EC0-301F-11D3-BF4B-00C04F79EFBC}") = "NSE.Pagamento.API", "src\services\NSE.Pagamento.API\NSE.Pagamento.API.csproj", "{676773CB-7F78-49E6-96DA-EBCFD9C2CCA7}"
EndProject
Project("{2150E333-8FDC-42A3-9474-1A3956D46DE8}") = "Pedido", "Pedido", "{8408BD5B-D275-4B28-B820-4DB073E69EAB}"
EndProject
Project("{FAE04EC0-301F-11D3-BF4B-00C04F79EFBC}") = "NSE.Pedido.API", "src\services\NSE.Pedido.API\NSE.Pedido.API.csproj", "{9C3E0E02-E777-4E4C-B591-FBFBFA8B302D}"
EndProject
Global
	GlobalSection(SolutionConfigurationPlatforms) = preSolution
		Debug|Any CPU = Debug|Any CPU
		Release|Any CPU = Release|Any CPU
	EndGlobalSection
	GlobalSection(ProjectConfigurationPlatforms) = postSolution
		{9062214C-58AC-4DF0-A729-1B865C35643A}.Debug|Any CPU.ActiveCfg = Debug|Any CPU
		{9062214C-58AC-4DF0-A729-1B865C35643A}.Debug|Any CPU.Build.0 = Debug|Any CPU
		{9062214C-58AC-4DF0-A729-1B865C35643A}.Release|Any CPU.ActiveCfg = Release|Any CPU
		{9062214C-58AC-4DF0-A729-1B865C35643A}.Release|Any CPU.Build.0 = Release|Any CPU
		{18D2FD37-5D9F-4F09-810D-064C6F413A56}.Debug|Any CPU.ActiveCfg = Debug|Any CPU
		{18D2FD37-5D9F-4F09-810D-064C6F413A56}.Debug|Any CPU.Build.0 = Debug|Any CPU
		{18D2FD37-5D9F-4F09-810D-064C6F413A56}.Release|Any CPU.ActiveCfg = Release|Any CPU
		{18D2FD37-5D9F-4F09-810D-064C6F413A56}.Release|Any CPU.Build.0 = Release|Any CPU
		{E2326D14-67C2-4D9F-9C48-EBEE5DF6B2BA}.Debug|Any CPU.ActiveCfg = Debug|Any CPU
		{E2326D14-67C2-4D9F-9C48-EBEE5DF6B2BA}.Debug|Any CPU.Build.0 = Debug|Any CPU
		{E2326D14-67C2-4D9F-9C48-EBEE5DF6B2BA}.Release|Any CPU.ActiveCfg = Release|Any CPU
		{E2326D14-67C2-4D9F-9C48-EBEE5DF6B2BA}.Release|Any CPU.Build.0 = Release|Any CPU
		{C1CBEFB0-2A9F-4D08-B9BE-429821D26AF2}.Debug|Any CPU.ActiveCfg = Debug|Any CPU
		{C1CBEFB0-2A9F-4D08-B9BE-429821D26AF2}.Debug|Any CPU.Build.0 = Debug|Any CPU
		{C1CBEFB0-2A9F-4D08-B9BE-429821D26AF2}.Release|Any CPU.ActiveCfg = Release|Any CPU
		{C1CBEFB0-2A9F-4D08-B9BE-429821D26AF2}.Release|Any CPU.Build.0 = Release|Any CPU
		{C84EB671-CCDE-4268-B810-F4A55BCDFAB0}.Debug|Any CPU.ActiveCfg = Debug|Any CPU
		{C84EB671-CCDE-4268-B810-F4A55BCDFAB0}.Debug|Any CPU.Build.0 = Debug|Any CPU
		{C84EB671-CCDE-4268-B810-F4A55BCDFAB0}.Release|Any CPU.ActiveCfg = Release|Any CPU
		{C84EB671-CCDE-4268-B810-F4A55BCDFAB0}.Release|Any CPU.Build.0 = Release|Any CPU
		{FC8494C7-70F2-4361-B38B-1FBC18FD79DC}.Debug|Any CPU.ActiveCfg = Debug|Any CPU
		{FC8494C7-70F2-4361-B38B-1FBC18FD79DC}.Debug|Any CPU.Build.0 = Debug|Any CPU
		{FC8494C7-70F2-4361-B38B-1FBC18FD79DC}.Release|Any CPU.ActiveCfg = Release|Any CPU
		{FC8494C7-70F2-4361-B38B-1FBC18FD79DC}.Release|Any CPU.Build.0 = Release|Any CPU
		{676773CB-7F78-49E6-96DA-EBCFD9C2CCA7}.Debug|Any CPU.ActiveCfg = Debug|Any CPU
		{676773CB-7F78-49E6-96DA-EBCFD9C2CCA7}.Debug|Any CPU.Build.0 = Debug|Any CPU
		{676773CB-7F78-49E6-96DA-EBCFD9C2CCA7}.Release|Any CPU.ActiveCfg = Release|Any CPU
		{676773CB-7F78-49E6-96DA-EBCFD9C2CCA7}.Release|Any CPU.Build.0 = Release|Any CPU
		{9C3E0E02-E777-4E4C-B591-FBFBFA8B302D}.Debug|Any CPU.ActiveCfg = Debug|Any CPU
		{9C3E0E02-E777-4E4C-B591-FBFBFA8B302D}.Debug|Any CPU.Build.0 = Debug|Any CPU
		{9C3E0E02-E777-4E4C-B591-FBFBFA8B302D}.Release|Any CPU.ActiveCfg = Release|Any CPU
		{9C3E0E02-E777-4E4C-B591-FBFBFA8B302D}.Release|Any CPU.Build.0 = Release|Any CPU
	EndGlobalSection
	GlobalSection(SolutionProperties) = preSolution
		HideSolutionNode = FALSE
	EndGlobalSection
	GlobalSection(NestedProjects) = preSolution
		{45FBE226-D0FD-4CB3-8548-0CE77B9A1417} = {8EEC83C0-4AE6-4F16-8E33-131349737470}
		{EF6FAB30-91FC-4F33-8211-50BEA660AACE} = {8EEC83C0-4AE6-4F16-8E33-131349737470}
		{DA36D6C5-5FAA-4701-8F0E-E1A597D39D90} = {8EEC83C0-4AE6-4F16-8E33-131349737470}
		{786290BC-4B14-4850-BF86-62723E225199} = {EF6FAB30-91FC-4F33-8211-50BEA660AACE}
		{9062214C-58AC-4DF0-A729-1B865C35643A} = {786290BC-4B14-4850-BF86-62723E225199}
		{8D325F96-CE63-4089-AD64-8AB620EBAF7F} = {DA36D6C5-5FAA-4701-8F0E-E1A597D39D90}
		{18D2FD37-5D9F-4F09-810D-064C6F413A56} = {8D325F96-CE63-4089-AD64-8AB620EBAF7F}
		{30DB157E-D7A6-419F-A9E5-E71155DF4651} = {45FBE226-D0FD-4CB3-8548-0CE77B9A1417}
		{E2326D14-67C2-4D9F-9C48-EBEE5DF6B2BA} = {30DB157E-D7A6-419F-A9E5-E71155DF4651}
		{3618391B-0279-429E-ABA2-DBDD1AAB2B8B} = {EF6FAB30-91FC-4F33-8211-50BEA660AACE}
		{C1CBEFB0-2A9F-4D08-B9BE-429821D26AF2} = {3618391B-0279-429E-ABA2-DBDD1AAB2B8B}
		{A236CF61-34A9-4D7D-B1E2-45E09BB2BC9B} = {EF6FAB30-91FC-4F33-8211-50BEA660AACE}
		{C84EB671-CCDE-4268-B810-F4A55BCDFAB0} = {A236CF61-34A9-4D7D-B1E2-45E09BB2BC9B}
		{34FB3917-D67A-4C65-BE45-2055CAF885CD} = {EF6FAB30-91FC-4F33-8211-50BEA660AACE}
		{FC8494C7-70F2-4361-B38B-1FBC18FD79DC} = {34FB3917-D67A-4C65-BE45-2055CAF885CD}
		{05A60B84-F1BE-4215-A9E4-A469E5DFA664} = {EF6FAB30-91FC-4F33-8211-50BEA660AACE}
		{676773CB-7F78-49E6-96DA-EBCFD9C2CCA7} = {05A60B84-F1BE-4215-A9E4-A469E5DFA664}
		{8408BD5B-D275-4B28-B820-4DB073E69EAB} = {EF6FAB30-91FC-4F33-8211-50BEA660AACE}
		{9C3E0E02-E777-4E4C-B591-FBFBFA8B302D} = {8408BD5B-D275-4B28-B820-4DB073E69EAB}
	EndGlobalSection
	GlobalSection(ExtensibilityGlobals) = postSolution
		SolutionGuid = {E2FC46C7-D233-47C4-858F-0AE29031841F}
	EndGlobalSection
EndGlobal
